
Microsoft Visual Studio Solution File, Format Version 12.00
Project("{FAE04EC0-301F-11D3-BF4B-00C04F79EFBC}") = "ProductService.Domain", "ProductService\ProductService.Domain\ProductService.Domain.csproj", "{ABAEA778-973D-45C1-8059-879D3B7167C5}"
EndProject
Project("{FAE04EC0-301F-11D3-BF4B-00C04F79EFBC}") = "ProductService.Infrastructure", "ProductService\ProductService.Infrastructure\ProductService.Infrastructure.csproj", "{E149DF06-A84C-4107-8CE9-EF1F562401EC}"
EndProject
Project("{FAE04EC0-301F-11D3-BF4B-00C04F79EFBC}") = "ProductService.Application", "ProductService\ProductService.Application\ProductService.Application.csproj", "{0FF03ED5-CD64-4C22-BCA2-68FD0E448CEC}"
EndProject
Project("{FAE04EC0-301F-11D3-BF4B-00C04F79EFBC}") = "ProductService.Presentation", "ProductService\ProductService.Presentation\ProductService.Presentation.csproj", "{8C371019-0CD1-453F-9298-DB90A35C251A}"
EndProject
Project("{2150E333-8FDC-42A3-9474-1A3956D46DE8}") = "ProductService", "ProductService", "{6C2E8E0F-74F4-45D3-8E26-2C1206746388}"
EndProject
Project("{2150E333-8FDC-42A3-9474-1A3956D46DE8}") = "Services", "Services", "{5854FF58-B8C5-05C6-5BF2-ACE42193F22B}"
EndProject
Project("{2150E333-8FDC-42A3-9474-1A3956D46DE8}") = "Orders", "Orders", "{1C00F9DA-F33C-8627-D347-15FF6E4360B7}"
EndProject
Project("{FAE04EC0-301F-11D3-BF4B-00C04F79EFBC}") = "Orders.Api", "Services\Orders\Orders.Api\Orders.Api.csproj", "{64D2DB72-C6A9-4930-B688-AD1AB0D8C397}"
EndProject
Project("{FAE04EC0-301F-11D3-BF4B-00C04F79EFBC}") = "Orders.Tests", "..\tests\Orders.Tests\Orders.Tests.csproj", "{4A4EA777-FB15-4841-A033-00799BD53231}"
EndProject
Global
	GlobalSection(SolutionConfigurationPlatforms) = preSolution
		Debug|Any CPU = Debug|Any CPU
		Debug|x64 = Debug|x64
		Debug|x86 = Debug|x86
		Release|Any CPU = Release|Any CPU
		Release|x64 = Release|x64
		Release|x86 = Release|x86
	EndGlobalSection
	GlobalSection(ProjectConfigurationPlatforms) = postSolution
		{ABAEA778-973D-45C1-8059-879D3B7167C5}.Debug|Any CPU.ActiveCfg = Debug|Any CPU
		{ABAEA778-973D-45C1-8059-879D3B7167C5}.Debug|Any CPU.Build.0 = Debug|Any CPU
		{ABAEA778-973D-45C1-8059-879D3B7167C5}.Debug|x64.ActiveCfg = Debug|Any CPU
		{ABAEA778-973D-45C1-8059-879D3B7167C5}.Debug|x64.Build.0 = Debug|Any CPU
		{ABAEA778-973D-45C1-8059-879D3B7167C5}.Debug|x86.ActiveCfg = Debug|Any CPU
		{ABAEA778-973D-45C1-8059-879D3B7167C5}.Debug|x86.Build.0 = Debug|Any CPU
		{ABAEA778-973D-45C1-8059-879D3B7167C5}.Release|Any CPU.ActiveCfg = Release|Any CPU
		{ABAEA778-973D-45C1-8059-879D3B7167C5}.Release|Any CPU.Build.0 = Release|Any CPU
		{ABAEA778-973D-45C1-8059-879D3B7167C5}.Release|x64.ActiveCfg = Release|Any CPU
		{ABAEA778-973D-45C1-8059-879D3B7167C5}.Release|x64.Build.0 = Release|Any CPU
		{ABAEA778-973D-45C1-8059-879D3B7167C5}.Release|x86.ActiveCfg = Release|Any CPU
		{ABAEA778-973D-45C1-8059-879D3B7167C5}.Release|x86.Build.0 = Release|Any CPU
		{E149DF06-A84C-4107-8CE9-EF1F562401EC}.Debug|Any CPU.ActiveCfg = Debug|Any CPU
		{E149DF06-A84C-4107-8CE9-EF1F562401EC}.Debug|Any CPU.Build.0 = Debug|Any CPU
		{E149DF06-A84C-4107-8CE9-EF1F562401EC}.Debug|x64.ActiveCfg = Debug|Any CPU
		{E149DF06-A84C-4107-8CE9-EF1F562401EC}.Debug|x64.Build.0 = Debug|Any CPU
		{E149DF06-A84C-4107-8CE9-EF1F562401EC}.Debug|x86.ActiveCfg = Debug|Any CPU
		{E149DF06-A84C-4107-8CE9-EF1F562401EC}.Debug|x86.Build.0 = Debug|Any CPU
		{E149DF06-A84C-4107-8CE9-EF1F562401EC}.Release|Any CPU.ActiveCfg = Release|Any CPU
		{E149DF06-A84C-4107-8CE9-EF1F562401EC}.Release|Any CPU.Build.0 = Release|Any CPU
		{E149DF06-A84C-4107-8CE9-EF1F562401EC}.Release|x64.ActiveCfg = Release|Any CPU
		{E149DF06-A84C-4107-8CE9-EF1F562401EC}.Release|x64.Build.0 = Release|Any CPU
		{E149DF06-A84C-4107-8CE9-EF1F562401EC}.Release|x86.ActiveCfg = Release|Any CPU
		{E149DF06-A84C-4107-8CE9-EF1F562401EC}.Release|x86.Build.0 = Release|Any CPU
		{0FF03ED5-CD64-4C22-BCA2-68FD0E448CEC}.Debug|Any CPU.ActiveCfg = Debug|Any CPU
		{0FF03ED5-CD64-4C22-BCA2-68FD0E448CEC}.Debug|Any CPU.Build.0 = Debug|Any CPU
		{0FF03ED5-CD64-4C22-BCA2-68FD0E448CEC}.Debug|x64.ActiveCfg = Debug|Any CPU
		{0FF03ED5-CD64-4C22-BCA2-68FD0E448CEC}.Debug|x64.Build.0 = Debug|Any CPU
		{0FF03ED5-CD64-4C22-BCA2-68FD0E448CEC}.Debug|x86.ActiveCfg = Debug|Any CPU
		{0FF03ED5-CD64-4C22-BCA2-68FD0E448CEC}.Debug|x86.Build.0 = Debug|Any CPU
		{0FF03ED5-CD64-4C22-BCA2-68FD0E448CEC}.Release|Any CPU.ActiveCfg = Release|Any CPU
		{0FF03ED5-CD64-4C22-BCA2-68FD0E448CEC}.Release|Any CPU.Build.0 = Release|Any CPU
		{0FF03ED5-CD64-4C22-BCA2-68FD0E448CEC}.Release|x64.ActiveCfg = Release|Any CPU
		{0FF03ED5-CD64-4C22-BCA2-68FD0E448CEC}.Release|x64.Build.0 = Release|Any CPU
		{0FF03ED5-CD64-4C22-BCA2-68FD0E448CEC}.Release|x86.ActiveCfg = Release|Any CPU
		{0FF03ED5-CD64-4C22-BCA2-68FD0E448CEC}.Release|x86.Build.0 = Release|Any CPU
		{8C371019-0CD1-453F-9298-DB90A35C251A}.Debug|Any CPU.ActiveCfg = Debug|Any CPU
		{8C371019-0CD1-453F-9298-DB90A35C251A}.Debug|Any CPU.Build.0 = Debug|Any CPU
		{8C371019-0CD1-453F-9298-DB90A35C251A}.Debug|x64.ActiveCfg = Debug|Any CPU
		{8C371019-0CD1-453F-9298-DB90A35C251A}.Debug|x64.Build.0 = Debug|Any CPU
		{8C371019-0CD1-453F-9298-DB90A35C251A}.Debug|x86.ActiveCfg = Debug|Any CPU
		{8C371019-0CD1-453F-9298-DB90A35C251A}.Debug|x86.Build.0 = Debug|Any CPU
		{8C371019-0CD1-453F-9298-DB90A35C251A}.Release|Any CPU.ActiveCfg = Release|Any CPU
		{8C371019-0CD1-453F-9298-DB90A35C251A}.Release|Any CPU.Build.0 = Release|Any CPU
		{8C371019-0CD1-453F-9298-DB90A35C251A}.Release|x64.ActiveCfg = Release|Any CPU
		{8C371019-0CD1-453F-9298-DB90A35C251A}.Release|x64.Build.0 = Release|Any CPU
		{8C371019-0CD1-453F-9298-DB90A35C251A}.Release|x86.ActiveCfg = Release|Any CPU
		{8C371019-0CD1-453F-9298-DB90A35C251A}.Release|x86.Build.0 = Release|Any CPU
		{64D2DB72-C6A9-4930-B688-AD1AB0D8C397}.Debug|Any CPU.ActiveCfg = Debug|Any CPU
		{64D2DB72-C6A9-4930-B688-AD1AB0D8C397}.Debug|Any CPU.Build.0 = Debug|Any CPU
		{64D2DB72-C6A9-4930-B688-AD1AB0D8C397}.Debug|x64.ActiveCfg = Debug|Any CPU
		{64D2DB72-C6A9-4930-B688-AD1AB0D8C397}.Debug|x64.Build.0 = Debug|Any CPU
		{64D2DB72-C6A9-4930-B688-AD1AB0D8C397}.Debug|x86.ActiveCfg = Debug|Any CPU
		{64D2DB72-C6A9-4930-B688-AD1AB0D8C397}.Debug|x86.Build.0 = Debug|Any CPU
		{64D2DB72-C6A9-4930-B688-AD1AB0D8C397}.Release|Any CPU.ActiveCfg = Release|Any CPU
		{64D2DB72-C6A9-4930-B688-AD1AB0D8C397}.Release|Any CPU.Build.0 = Release|Any CPU
		{64D2DB72-C6A9-4930-B688-AD1AB0D8C397}.Release|x64.ActiveCfg = Release|Any CPU
		{64D2DB72-C6A9-4930-B688-AD1AB0D8C397}.Release|x64.Build.0 = Release|Any CPU
		{64D2DB72-C6A9-4930-B688-AD1AB0D8C397}.Release|x86.ActiveCfg = Release|Any CPU
		{64D2DB72-C6A9-4930-B688-AD1AB0D8C397}.Release|x86.Build.0 = Release|Any CPU
		{4A4EA777-FB15-4841-A033-00799BD53231}.Debug|Any CPU.ActiveCfg = Debug|Any CPU
		{4A4EA777-FB15-4841-A033-00799BD53231}.Debug|Any CPU.Build.0 = Debug|Any CPU
		{4A4EA777-FB15-4841-A033-00799BD53231}.Debug|x64.ActiveCfg = Debug|Any CPU
		{4A4EA777-FB15-4841-A033-00799BD53231}.Debug|x64.Build.0 = Debug|Any CPU
		{4A4EA777-FB15-4841-A033-00799BD53231}.Debug|x86.ActiveCfg = Debug|Any CPU
		{4A4EA777-FB15-4841-A033-00799BD53231}.Debug|x86.Build.0 = Debug|Any CPU
		{4A4EA777-FB15-4841-A033-00799BD53231}.Release|Any CPU.ActiveCfg = Release|Any CPU
		{4A4EA777-FB15-4841-A033-00799BD53231}.Release|Any CPU.Build.0 = Release|Any CPU
		{4A4EA777-FB15-4841-A033-00799BD53231}.Release|x64.ActiveCfg = Release|Any CPU
		{4A4EA777-FB15-4841-A033-00799BD53231}.Release|x64.Build.0 = Release|Any CPU
		{4A4EA777-FB15-4841-A033-00799BD53231}.Release|x86.ActiveCfg = Release|Any CPU
		{4A4EA777-FB15-4841-A033-00799BD53231}.Release|x86.Build.0 = Release|Any CPU
	EndGlobalSection
	GlobalSection(SolutionProperties) = preSolution
		HideSolutionNode = FALSE
	EndGlobalSection
	GlobalSection(NestedProjects) = preSolution
		{ABAEA778-973D-45C1-8059-879D3B7167C5} = {6C2E8E0F-74F4-45D3-8E26-2C1206746388}
		{E149DF06-A84C-4107-8CE9-EF1F562401EC} = {6C2E8E0F-74F4-45D3-8E26-2C1206746388}
		{0FF03ED5-CD64-4C22-BCA2-68FD0E448CEC} = {6C2E8E0F-74F4-45D3-8E26-2C1206746388}
		{8C371019-0CD1-453F-9298-DB90A35C251A} = {6C2E8E0F-74F4-45D3-8E26-2C1206746388}
		{1C00F9DA-F33C-8627-D347-15FF6E4360B7} = {5854FF58-B8C5-05C6-5BF2-ACE42193F22B}
		{64D2DB72-C6A9-4930-B688-AD1AB0D8C397} = {1C00F9DA-F33C-8627-D347-15FF6E4360B7}
	EndGlobalSection
EndGlobal
