
Microsoft Visual Studio Solution File, Format Version 12.00
Project("{2150E333-8FDC-42A3-9474-1A3956D46DE8}") = "Services", "Services", "{5854FF58-B8C5-05C6-5BF2-ACE42193F22B}"
EndProject
Project("{2150E333-8FDC-42A3-9474-1A3956D46DE8}") = "Orders", "Orders", "{1C00F9DA-F33C-8627-D347-15FF6E4360B7}"
EndProject
Project("{FAE04EC0-301F-11D3-BF4B-00C04F79EFBC}") = "Orders.Api", "Services\Orders\Orders.Api\Orders.Api.csproj", "{64D2DB72-C6A9-4930-B688-AD1AB0D8C397}"
EndProject
Project("{FAE04EC0-301F-11D3-BF4B-00C04F79EFBC}") = "Orders.Tests", "..\tests\Orders.Tests\Orders.Tests.csproj", "{4A4EA777-FB15-4841-A033-00799BD53231}"
EndProject
Global
	GlobalSection(SolutionConfigurationPlatforms) = preSolution
		Debug|Any CPU = Debug|Any CPU
		Debug|x64 = Debug|x64
		Debug|x86 = Debug|x86
		Release|Any CPU = Release|Any CPU
		Release|x64 = Release|x64
		Release|x86 = Release|x86
	EndGlobalSection
	GlobalSection(ProjectConfigurationPlatforms) = postSolution
		{64D2DB72-C6A9-4930-B688-AD1AB0D8C397}.Debug|Any CPU.ActiveCfg = Debug|Any CPU
		{64D2DB72-C6A9-4930-B688-AD1AB0D8C397}.Debug|Any CPU.Build.0 = Debug|Any CPU
		{64D2DB72-C6A9-4930-B688-AD1AB0D8C397}.Debug|x64.ActiveCfg = Debug|Any CPU
		{64D2DB72-C6A9-4930-B688-AD1AB0D8C397}.Debug|x64.Build.0 = Debug|Any CPU
		{64D2DB72-C6A9-4930-B688-AD1AB0D8C397}.Debug|x86.ActiveCfg = Debug|Any CPU
		{64D2DB72-C6A9-4930-B688-AD1AB0D8C397}.Debug|x86.Build.0 = Debug|Any CPU
		{64D2DB72-C6A9-4930-B688-AD1AB0D8C397}.Release|Any CPU.ActiveCfg = Release|Any CPU
		{64D2DB72-C6A9-4930-B688-AD1AB0D8C397}.Release|Any CPU.Build.0 = Release|Any CPU
		{64D2DB72-C6A9-4930-B688-AD1AB0D8C397}.Release|x64.ActiveCfg = Release|Any CPU
		{64D2DB72-C6A9-4930-B688-AD1AB0D8C397}.Release|x64.Build.0 = Release|Any CPU
		{64D2DB72-C6A9-4930-B688-AD1AB0D8C397}.Release|x86.ActiveCfg = Release|Any CPU
		{64D2DB72-C6A9-4930-B688-AD1AB0D8C397}.Release|x86.Build.0 = Release|Any CPU
		{4A4EA777-FB15-4841-A033-00799BD53231}.Debug|Any CPU.ActiveCfg = Debug|Any CPU
		{4A4EA777-FB15-4841-A033-00799BD53231}.Debug|Any CPU.Build.0 = Debug|Any CPU
		{4A4EA777-FB15-4841-A033-00799BD53231}.Debug|x64.ActiveCfg = Debug|Any CPU
		{4A4EA777-FB15-4841-A033-00799BD53231}.Debug|x64.Build.0 = Debug|Any CPU
		{4A4EA777-FB15-4841-A033-00799BD53231}.Debug|x86.ActiveCfg = Debug|Any CPU
		{4A4EA777-FB15-4841-A033-00799BD53231}.Debug|x86.Build.0 = Debug|Any CPU
		{4A4EA777-FB15-4841-A033-00799BD53231}.Release|Any CPU.ActiveCfg = Release|Any CPU
		{4A4EA777-FB15-4841-A033-00799BD53231}.Release|Any CPU.Build.0 = Release|Any CPU
		{4A4EA777-FB15-4841-A033-00799BD53231}.Release|x64.ActiveCfg = Release|Any CPU
		{4A4EA777-FB15-4841-A033-00799BD53231}.Release|x64.Build.0 = Release|Any CPU
		{4A4EA777-FB15-4841-A033-00799BD53231}.Release|x86.ActiveCfg = Release|Any CPU
		{4A4EA777-FB15-4841-A033-00799BD53231}.Release|x86.Build.0 = Release|Any CPU
	EndGlobalSection
	GlobalSection(SolutionProperties) = preSolution
		HideSolutionNode = FALSE
	EndGlobalSection
	GlobalSection(NestedProjects) = preSolution
		{1C00F9DA-F33C-8627-D347-15FF6E4360B7} = {5854FF58-B8C5-05C6-5BF2-ACE42193F22B}
		{64D2DB72-C6A9-4930-B688-AD1AB0D8C397} = {1C00F9DA-F33C-8627-D347-15FF6E4360B7}
	EndGlobalSection
EndGlobal
